
Microsoft Visual Studio Solution File, Format Version 12.00
# Visual Studio Version 16
VisualStudioVersion = 16.0.31515.178
MinimumVisualStudioVersion = 10.0.40219.1
Project("{FAE04EC0-301F-11D3-BF4B-00C04F79EFBC}") = "hw_3tmp", "hw_3tmp\hw_3tmp.csproj", "{1F0D679F-5C52-4F36-BA3C-E56939B90C90}"
EndProject
Global
	GlobalSection(SolutionConfigurationPlatforms) = preSolution
		Debug|Any CPU = Debug|Any CPU
		Release|Any CPU = Release|Any CPU
	EndGlobalSection
	GlobalSection(ProjectConfigurationPlatforms) = postSolution
		{1F0D679F-5C52-4F36-BA3C-E56939B90C90}.Debug|Any CPU.ActiveCfg = Debug|Any CPU
		{1F0D679F-5C52-4F36-BA3C-E56939B90C90}.Debug|Any CPU.Build.0 = Debug|Any CPU
		{1F0D679F-5C52-4F36-BA3C-E56939B90C90}.Release|Any CPU.ActiveCfg = Release|Any CPU
		{1F0D679F-5C52-4F36-BA3C-E56939B90C90}.Release|Any CPU.Build.0 = Release|Any CPU
	EndGlobalSection
	GlobalSection(SolutionProperties) = preSolution
		HideSolutionNode = FALSE
	EndGlobalSection
	GlobalSection(ExtensibilityGlobals) = postSolution
		SolutionGuid = {D4FB4548-6968-49BC-82AC-36CD14F37813}
	EndGlobalSection
EndGlobal
